{
  "nodes": {
    "flakery": {
      "inputs": {
        "nixpkgs": "nixpkgs"
      },
      "locked": {
        "lastModified": 1723693385,
        "narHash": "sha256-xmSNmei2uzMR7iCihbd1I0RGvZggjrmnIff63o1dyTQ=",
        "owner": "getflakery",
        "repo": "flakes",
        "rev": "5d364b9dd6878837be8961fe09d3f887eeb9cf6a",
        "type": "github"
      },
      "original": {
        "owner": "getflakery",
        "repo": "flakes",
        "type": "github"
      }
    },
    "nixpkgs": {
      "locked": {
        "lastModified": 1717179513,
        "narHash": "sha256-vboIEwIQojofItm2xGCdZCzW96U85l9nDW3ifMuAIdM=",
        "owner": "NixOS",
        "repo": "nixpkgs",
        "rev": "63dacb46bf939521bdc93981b4cbb7ecb58427a0",
        "type": "github"
      },
      "original": {
        "owner": "NixOS",
        "ref": "24.05",
        "repo": "nixpkgs",
        "type": "github"
      }
    },
    "nixpkgs_2": {
      "locked": {
        "lastModified": 1723991338,
        "narHash": "sha256-Grh5PF0+gootJfOJFenTTxDTYPidA3V28dqJ/WV7iis=",
        "owner": "nixos",
        "repo": "nixpkgs",
        "rev": "8a3354191c0d7144db9756a74755672387b702ba",
        "type": "github"
      },
      "original": {
        "owner": "nixos",
        "ref": "nixos-unstable",
        "repo": "nixpkgs",
        "type": "github"
      }
    },
    "root": {
      "inputs": {
        "flakery": "flakery",
        "nixpkgs": "nixpkgs_2"
      }
    }
  },
  "root": "root",
  "version": 7
}
